
Microsoft Visual Studio Solution File, Format Version 12.00
Project("{FAE04EC0-301F-11D3-BF4B-00C04F79EFBC}") = "Ejercicio 1- Random numbers API", "Ejercicio 1- Random numbers API\Ejercicio 1- Random numbers API.csproj", "{97CEC9B4-76D6-4A5B-9701-B8090EC4634C}"
EndProject
Global
	GlobalSection(SolutionConfigurationPlatforms) = preSolution
		Debug|Any CPU = Debug|Any CPU
		Release|Any CPU = Release|Any CPU
	EndGlobalSection
	GlobalSection(ProjectConfigurationPlatforms) = postSolution
		{97CEC9B4-76D6-4A5B-9701-B8090EC4634C}.Debug|Any CPU.ActiveCfg = Debug|Any CPU
		{97CEC9B4-76D6-4A5B-9701-B8090EC4634C}.Debug|Any CPU.Build.0 = Debug|Any CPU
		{97CEC9B4-76D6-4A5B-9701-B8090EC4634C}.Release|Any CPU.ActiveCfg = Release|Any CPU
		{97CEC9B4-76D6-4A5B-9701-B8090EC4634C}.Release|Any CPU.Build.0 = Release|Any CPU
	EndGlobalSection
EndGlobal
